lockfileVersion: "9.0"

settings:
  autoInstallPeers: true
  excludeLinksFromLockfile: false

importers:
  .:
    dependencies:
      "@hono/node-server":
        specifier: ^1.19.11
        version: 1.19.11(hono@4.12.8)
      "@hono/zod-validator":
        specifier: ^0.7.6
        version: 0.7.6(hono@4.12.8)(zod@4.3.6)
      "@t3-oss/env-core":
        specifier: ^0.13.10
        version: 0.13.10(typescript@5.9.3)(zod@4.3.6)
      "@tanstack/ai":
        specifier: ^0.8.1
        version: 0.8.1
      "@tanstack/ai-openai":
        specifier: ^0.7.1
        version: 0.7.1(@tanstack/ai-client@0.7.2)(@tanstack/ai@0.8.1)(zod@4.3.6)
      better-auth:
        specifier: ^1.5.6
        version: 1.5.6(@opentelemetry/api@1.9.0)(pg@8.20.0)
      csv-parse:
        specifier: ^6.2.1
        version: 6.2.1
      hono:
        specifier: ^4.12.8
        version: 4.12.8
      kysely:
        specifier: ^0.28.12
        version: 0.28.12
      openai:
        specifier: ^6.32.0
        version: 6.32.0(zod@4.3.6)
      pg:
        specifier: ^8.20.0
        version: 8.20.0
      uuidv7:
        specifier: ^1.1.0
        version: 1.2.1
      zod:
        specifier: ^4.3.6
        version: 4.3.6
    devDependencies:
      "@types/node":
        specifier: ^20.11.17
        version: 20.19.37
      "@types/pg":
        specifier: ^8.18.0
        version: 8.18.0
      prettier:
        specifier: 3.8.1
        version: 3.8.1
      tsx:
        specifier: ^4.7.1
        version: 4.21.0
      typescript:
        specifier: ^5.8.3
        version: 5.9.3

packages:
  "@better-auth/core@1.5.6":
    resolution:
      {
        integrity: sha512-Ez9DZdIMFyxHremmoLz1emFPGNQomDC1jqqBPnZ6Ci+6TiGN3R9w/Y03cJn6I8r1ycKgOzeVMZtJ/erOZ27Gsw==,
      }
    peerDependencies:
      "@better-auth/utils": 0.3.1
      "@better-fetch/fetch": 1.1.21
      "@cloudflare/workers-types": ">=4"
      "@opentelemetry/api": ^1.9.0
      better-call: 1.3.2
      jose: ^6.1.0
      kysely: ^0.28.5
      nanostores: ^1.0.1
    peerDependenciesMeta:
      "@cloudflare/workers-types":
        optional: true

  "@better-auth/drizzle-adapter@1.5.6":
    resolution:
      {
        integrity: sha512-VfFFmaoFw3ug12SiSuIwzrMoHyIVmkMGWm9gZ4sXdYYVX4HboCL4m3fjzOhppcmK5OGatRuU+N1UX6wxCITcXw==,
      }
    peerDependencies:
      "@better-auth/core": 1.5.6
      "@better-auth/utils": ^0.3.0
      drizzle-orm: ">=0.41.0"
    peerDependenciesMeta:
      drizzle-orm:
        optional: true

  "@better-auth/kysely-adapter@1.5.6":
    resolution:
      {
        integrity: sha512-Fnf+h8WVKtw6lEOmVmiVVzDf3shJtM60AYf9XTnbdCeUd6MxN/KnaJZpkgtYnRs7a+nwtkVB+fg4lGETebGFXQ==,
      }
    peerDependencies:
      "@better-auth/core": 1.5.6
      "@better-auth/utils": ^0.3.0
      kysely: ^0.27.0 || ^0.28.0
    peerDependenciesMeta:
      kysely:
        optional: true

  "@better-auth/memory-adapter@1.5.6":
    resolution:
      {
        integrity: sha512-rS7ZsrIl5uvloUgNN0u9LOZJMMXnsZXVdUZ3MrTBKWM2KpoJjzPr9yN3Szyma5+0V7SltnzSGHPkYj2bEzzmlA==,
      }
    peerDependencies:
      "@better-auth/core": 1.5.6
      "@better-auth/utils": ^0.3.0

  "@better-auth/mongo-adapter@1.5.6":
    resolution:
      {
        integrity: sha512-6+M3MS2mor8fTUV3EI1FBLP0cs6QfbN+Ovx9+XxR/GdfKIBoNFzmPEPRbdGt+ft6PvrITsUm+T70+kkHgVSP6w==,
      }
    peerDependencies:
      "@better-auth/core": 1.5.6
      "@better-auth/utils": ^0.3.0
      mongodb: ^6.0.0 || ^7.0.0
    peerDependenciesMeta:
      mongodb:
        optional: true

  "@better-auth/prisma-adapter@1.5.6":
    resolution:
      {
        integrity: sha512-UxY9vQJs1Tt+O+T2YQnseDMlWmUSQvFZSBb5YiFRg7zcm+TEzujh4iX2/csA0YiZptLheovIuVWTP9nriewEBA==,
      }
    peerDependencies:
      "@better-auth/core": 1.5.6
      "@better-auth/utils": ^0.3.0
      "@prisma/client": ^5.0.0 || ^6.0.0 || ^7.0.0
      prisma: ^5.0.0 || ^6.0.0 || ^7.0.0
    peerDependenciesMeta:
      "@prisma/client":
        optional: true
      prisma:
        optional: true

  "@better-auth/telemetry@1.5.6":
    resolution:
      {
        integrity: sha512-yXC7NSxnIFlxDkGdpD7KA+J9nqIQAPCJKe77GoaC5bWoe/DALo1MYorZfTgOafS7wrslNtsPT4feV/LJi1ubqQ==,
      }
    peerDependencies:
      "@better-auth/core": 1.5.6

  "@better-auth/utils@0.3.1":
    resolution:
      {
        integrity: sha512-+CGp4UmZSUrHHnpHhLPYu6cV+wSUSvVbZbNykxhUDocpVNTo9uFFxw/NqJlh1iC4wQ9HKKWGCKuZ5wUgS0v6Kg==,
      }

  "@better-fetch/fetch@1.1.21":
    resolution:
      {
        integrity: sha512-/ImESw0sskqlVR94jB+5+Pxjf+xBwDZF/N5+y2/q4EqD7IARUTSpPfIo8uf39SYpCxyOCtbyYpUrZ3F/k0zT4A==,
      }

  "@esbuild/aix-ppc64@0.27.4":
    resolution:
      {
        integrity: sha512-cQPwL2mp2nSmHHJlCyoXgHGhbEPMrEEU5xhkcy3Hs/O7nGZqEpZ2sUtLaL9MORLtDfRvVl2/3PAuEkYZH0Ty8Q==,
      }
    engines: { node: ">=18" }
    cpu: [ppc64]
    os: [aix]

  "@esbuild/android-arm64@0.27.4":
    resolution:
      {
        integrity: sha512-gdLscB7v75wRfu7QSm/zg6Rx29VLdy9eTr2t44sfTW7CxwAtQghZ4ZnqHk3/ogz7xao0QAgrkradbBzcqFPasw==,
      }
    engines: { node: ">=18" }
    cpu: [arm64]
    os: [android]

  "@esbuild/android-arm@0.27.4":
    resolution:
      {
        integrity: sha512-X9bUgvxiC8CHAGKYufLIHGXPJWnr0OCdR0anD2e21vdvgCI8lIfqFbnoeOz7lBjdrAGUhqLZLcQo6MLhTO2DKQ==,
      }
    engines: { node: ">=18" }
    cpu: [arm]
    os: [android]

  "@esbuild/android-x64@0.27.4":
    resolution:
      {
        integrity: sha512-PzPFnBNVF292sfpfhiyiXCGSn9HZg5BcAz+ivBuSsl6Rk4ga1oEXAamhOXRFyMcjwr2DVtm40G65N3GLeH1Lvw==,
      }
    engines: { node: ">=18" }
    cpu: [x64]
    os: [android]

  "@esbuild/darwin-arm64@0.27.4":
    resolution:
      {
        integrity: sha512-b7xaGIwdJlht8ZFCvMkpDN6uiSmnxxK56N2GDTMYPr2/gzvfdQN8rTfBsvVKmIVY/X7EM+/hJKEIbbHs9oA4tQ==,
      }
    engines: { node: ">=18" }
    cpu: [arm64]
    os: [darwin]

  "@esbuild/darwin-x64@0.27.4":
    resolution:
      {
        integrity: sha512-sR+OiKLwd15nmCdqpXMnuJ9W2kpy0KigzqScqHI3Hqwr7IXxBp3Yva+yJwoqh7rE8V77tdoheRYataNKL4QrPw==,
      }
    engines: { node: ">=18" }
    cpu: [x64]
    os: [darwin]

  "@esbuild/freebsd-arm64@0.27.4":
    resolution:
      {
        integrity: sha512-jnfpKe+p79tCnm4GVav68A7tUFeKQwQyLgESwEAUzyxk/TJr4QdGog9sqWNcUbr/bZt/O/HXouspuQDd9JxFSw==,
      }
    engines: { node: ">=18" }
    cpu: [arm64]
    os: [freebsd]

  "@esbuild/freebsd-x64@0.27.4":
    resolution:
      {
        integrity: sha512-2kb4ceA/CpfUrIcTUl1wrP/9ad9Atrp5J94Lq69w7UwOMolPIGrfLSvAKJp0RTvkPPyn6CIWrNy13kyLikZRZQ==,
      }
    engines: { node: ">=18" }
    cpu: [x64]
    os: [freebsd]

  "@esbuild/linux-arm64@0.27.4":
    resolution:
      {
        integrity: sha512-7nQOttdzVGth1iz57kxg9uCz57dxQLHWxopL6mYuYthohPKEK0vU0C3O21CcBK6KDlkYVcnDXY099HcCDXd9dA==,
      }
    engines: { node: ">=18" }
    cpu: [arm64]
    os: [linux]

  "@esbuild/linux-arm@0.27.4":
    resolution:
      {
        integrity: sha512-aBYgcIxX/wd5n2ys0yESGeYMGF+pv6g0DhZr3G1ZG4jMfruU9Tl1i2Z+Wnj9/KjGz1lTLCcorqE2viePZqj4Eg==,
      }
    engines: { node: ">=18" }
    cpu: [arm]
    os: [linux]

  "@esbuild/linux-ia32@0.27.4":
    resolution:
      {
        integrity: sha512-oPtixtAIzgvzYcKBQM/qZ3R+9TEUd1aNJQu0HhGyqtx6oS7qTpvjheIWBbes4+qu1bNlo2V4cbkISr8q6gRBFA==,
      }
    engines: { node: ">=18" }
    cpu: [ia32]
    os: [linux]

  "@esbuild/linux-loong64@0.27.4":
    resolution:
      {
        integrity: sha512-8mL/vh8qeCoRcFH2nM8wm5uJP+ZcVYGGayMavi8GmRJjuI3g1v6Z7Ni0JJKAJW+m0EtUuARb6Lmp4hMjzCBWzA==,
      }
    engines: { node: ">=18" }
    cpu: [loong64]
    os: [linux]

  "@esbuild/linux-mips64el@0.27.4":
    resolution:
      {
        integrity: sha512-1RdrWFFiiLIW7LQq9Q2NES+HiD4NyT8Itj9AUeCl0IVCA459WnPhREKgwrpaIfTOe+/2rdntisegiPWn/r/aAw==,
      }
    engines: { node: ">=18" }
    cpu: [mips64el]
    os: [linux]

  "@esbuild/linux-ppc64@0.27.4":
    resolution:
      {
        integrity: sha512-tLCwNG47l3sd9lpfyx9LAGEGItCUeRCWeAx6x2Jmbav65nAwoPXfewtAdtbtit/pJFLUWOhpv0FpS6GQAmPrHA==,
      }
    engines: { node: ">=18" }
    cpu: [ppc64]
    os: [linux]

  "@esbuild/linux-riscv64@0.27.4":
    resolution:
      {
        integrity: sha512-BnASypppbUWyqjd1KIpU4AUBiIhVr6YlHx/cnPgqEkNoVOhHg+YiSVxM1RLfiy4t9cAulbRGTNCKOcqHrEQLIw==,
      }
    engines: { node: ">=18" }
    cpu: [riscv64]
    os: [linux]

  "@esbuild/linux-s390x@0.27.4":
    resolution:
      {
        integrity: sha512-+eUqgb/Z7vxVLezG8bVB9SfBie89gMueS+I0xYh2tJdw3vqA/0ImZJ2ROeWwVJN59ihBeZ7Tu92dF/5dy5FttA==,
      }
    engines: { node: ">=18" }
    cpu: [s390x]
    os: [linux]

  "@esbuild/linux-x64@0.27.4":
    resolution:
      {
        integrity: sha512-S5qOXrKV8BQEzJPVxAwnryi2+Iq5pB40gTEIT69BQONqR7JH1EPIcQ/Uiv9mCnn05jff9umq/5nqzxlqTOg9NA==,
      }
    engines: { node: ">=18" }
    cpu: [x64]
    os: [linux]

  "@esbuild/netbsd-arm64@0.27.4":
    resolution:
      {
        integrity: sha512-xHT8X4sb0GS8qTqiwzHqpY00C95DPAq7nAwX35Ie/s+LO9830hrMd3oX0ZMKLvy7vsonee73x0lmcdOVXFzd6Q==,
      }
    engines: { node: ">=18" }
    cpu: [arm64]
    os: [netbsd]

  "@esbuild/netbsd-x64@0.27.4":
    resolution:
      {
        integrity: sha512-RugOvOdXfdyi5Tyv40kgQnI0byv66BFgAqjdgtAKqHoZTbTF2QqfQrFwa7cHEORJf6X2ht+l9ABLMP0dnKYsgg==,
      }
    engines: { node: ">=18" }
    cpu: [x64]
    os: [netbsd]

  "@esbuild/openbsd-arm64@0.27.4":
    resolution:
      {
        integrity: sha512-2MyL3IAaTX+1/qP0O1SwskwcwCoOI4kV2IBX1xYnDDqthmq5ArrW94qSIKCAuRraMgPOmG0RDTA74mzYNQA9ow==,
      }
    engines: { node: ">=18" }
    cpu: [arm64]
    os: [openbsd]

  "@esbuild/openbsd-x64@0.27.4":
    resolution:
      {
        integrity: sha512-u8fg/jQ5aQDfsnIV6+KwLOf1CmJnfu1ShpwqdwC0uA7ZPwFws55Ngc12vBdeUdnuWoQYx/SOQLGDcdlfXhYmXQ==,
      }
    engines: { node: ">=18" }
    cpu: [x64]
    os: [openbsd]

  "@esbuild/openharmony-arm64@0.27.4":
    resolution:
      {
        integrity: sha512-JkTZrl6VbyO8lDQO3yv26nNr2RM2yZzNrNHEsj9bm6dOwwu9OYN28CjzZkH57bh4w0I2F7IodpQvUAEd1mbWXg==,
      }
    engines: { node: ">=18" }
    cpu: [arm64]
    os: [openharmony]

  "@esbuild/sunos-x64@0.27.4":
    resolution:
      {
        integrity: sha512-/gOzgaewZJfeJTlsWhvUEmUG4tWEY2Spp5M20INYRg2ZKl9QPO3QEEgPeRtLjEWSW8FilRNacPOg8R1uaYkA6g==,
      }
    engines: { node: ">=18" }
    cpu: [x64]
    os: [sunos]

  "@esbuild/win32-arm64@0.27.4":
    resolution:
      {
        integrity: sha512-Z9SExBg2y32smoDQdf1HRwHRt6vAHLXcxD2uGgO/v2jK7Y718Ix4ndsbNMU/+1Qiem9OiOdaqitioZwxivhXYg==,
      }
    engines: { node: ">=18" }
    cpu: [arm64]
    os: [win32]

  "@esbuild/win32-ia32@0.27.4":
    resolution:
      {
        integrity: sha512-DAyGLS0Jz5G5iixEbMHi5KdiApqHBWMGzTtMiJ72ZOLhbu/bzxgAe8Ue8CTS3n3HbIUHQz/L51yMdGMeoxXNJw==,
      }
    engines: { node: ">=18" }
    cpu: [ia32]
    os: [win32]

  "@esbuild/win32-x64@0.27.4":
    resolution:
      {
        integrity: sha512-+knoa0BDoeXgkNvvV1vvbZX4+hizelrkwmGJBdT17t8FNPwG2lKemmuMZlmaNQ3ws3DKKCxpb4zRZEIp3UxFCg==,
      }
    engines: { node: ">=18" }
    cpu: [x64]
    os: [win32]

  "@hono/node-server@1.19.11":
    resolution:
      {
        integrity: sha512-dr8/3zEaB+p0D2n/IUrlPF1HZm586qgJNXK1a9fhg/PzdtkK7Ksd5l312tJX2yBuALqDYBlG20QEbayqPyxn+g==,
      }
    engines: { node: ">=18.14.1" }
    peerDependencies:
      hono: ^4

  "@hono/zod-validator@0.7.6":
    resolution:
      {
        integrity: sha512-Io1B6d011Gj1KknV4rXYz4le5+5EubcWEU/speUjuw9XMMIaP3n78yXLhjd2A3PXaXaUwEAluOiAyLqhBEJgsw==,
      }
    peerDependencies:
      hono: ">=3.9.0"
      zod: ^3.25.0 || ^4.0.0

  "@noble/ciphers@2.1.1":
    resolution:
      {
        integrity: sha512-bysYuiVfhxNJuldNXlFEitTVdNnYUc+XNJZd7Qm2a5j1vZHgY+fazadNFWFaMK/2vye0JVlxV3gHmC0WDfAOQw==,
      }
    engines: { node: ">= 20.19.0" }

  "@noble/hashes@2.0.1":
    resolution:
      {
        integrity: sha512-XlOlEbQcE9fmuXxrVTXCTlG2nlRXa9Rj3rr5Ue/+tX+nmkgbX720YHh0VR3hBF9xDvwnb8D2shVGOwNx+ulArw==,
      }
    engines: { node: ">= 20.19.0" }

  "@opentelemetry/api@1.9.0":
    resolution:
      {
        integrity: sha512-3giAOQvZiH5F9bMlMiv8+GSPMeqg0dbaeo58/0SlA9sxSqZhnUtxzX9/2FzyhS9sWQf5S0GJE0AKBrFqjpeYcg==,
      }
    engines: { node: ">=8.0.0" }

  "@opentelemetry/semantic-conventions@1.40.0":
    resolution:
      {
        integrity: sha512-cifvXDhcqMwwTlTK04GBNeIe7yyo28Mfby85QXFe1Yk8nmi36Ab/5UQwptOx84SsoGNRg+EVSjwzfSZMy6pmlw==,
      }
    engines: { node: ">=14" }

  "@standard-schema/spec@1.1.0":
    resolution:
      {
        integrity: sha512-l2aFy5jALhniG5HgqrD6jXLi/rUWrKvqN/qJx6yoJsgKhblVd+iqqU4RCXavm/jPityDo5TCvKMnpjKnOriy0w==,
      }

  "@t3-oss/env-core@0.13.10":
    resolution:
      {
        integrity: sha512-NNFfdlJ+HmPHkLi2HKy7nwuat9SIYOxei9K10lO2YlcSObDILY7mHZNSHsieIM3A0/5OOzw/P/b+yLvPdaG52g==,
      }
    peerDependencies:
      arktype: ^2.1.0
      typescript: ">=5.0.0"
      valibot: ^1.0.0-beta.7 || ^1.0.0
      zod: ^3.24.0 || ^4.0.0
    peerDependenciesMeta:
      arktype:
        optional: true
      typescript:
        optional: true
      valibot:
        optional: true
      zod:
        optional: true

  "@tanstack/ai-client@0.7.2":
    resolution:
      {
        integrity: sha512-vpmuopa7AcwcYZehgaX4y5gqrSORNHLBgc7MvSFBMRo6rKPw2Y0kdpjd/WzI6zieSL4UXgTtPvqj2/Bvqkn1Iw==,
      }

  "@tanstack/ai-event-client@0.1.1":
    resolution:
      {
        integrity: sha512-cAjpbE4ilwoEvmkk7sCJ3Wea9GI9V/qlKaNrH276jqY9cm8HpOYq8IuRb47Pcxt0XY3VwNjxtdKDlX4PUkr+0g==,
      }
    peerDependencies:
      "@tanstack/ai": 0.8.1

  "@tanstack/ai-openai@0.7.1":
    resolution:
      {
        integrity: sha512-BsrozA5SelvY5IJccaA3lGho7NaOuza7vmJlqLdrIsjYVZcB3MI/psg2GK46W0gqCDF1jpCg7x8q8EkYaSpblw==,
      }
    peerDependencies:
      "@tanstack/ai": ^0.8.0
      "@tanstack/ai-client": ^0.7.1
      zod: ^4.0.0

  "@tanstack/ai@0.8.1":
    resolution:
      {
        integrity: sha512-BMWrPJCpJNXPsXeqQOXrg6eHBTZcAVwmc9UFQkcWYeC/B50ilIwVmBQUzCvUq+2R5jz5+MBCY4gEqtH6ERju3A==,
      }
    engines: { node: ">=18" }

  "@tanstack/devtools-event-client@0.4.3":
    resolution:
      {
        integrity: sha512-OZI6QyULw0FI0wjgmeYzCIfbgPsOEzwJtCpa69XrfLMtNXLGnz3d/dIabk7frg0TmHo+Ah49w5I4KC7Tufwsvw==,
      }
    engines: { node: ">=18" }
    hasBin: true

  "@types/node@20.19.37":
    resolution:
      {
        integrity: sha512-8kzdPJ3FsNsVIurqBs7oodNnCEVbni9yUEkaHbgptDACOPW04jimGagZ51E6+lXUwJjgnBw+hyko/lkFWCldqw==,
      }

  "@types/pg@8.18.0":
    resolution:
      {
        integrity: sha512-gT+oueVQkqnj6ajGJXblFR4iavIXWsGAFCk3dP4Kki5+a9R4NMt0JARdk6s8cUKcfUoqP5dAtDSLU8xYUTFV+Q==,
      }

  better-auth@1.5.6:
    resolution:
      {
        integrity: sha512-QSpJTqaT1XVfWRQe/fm3PgeuwOIlz1nWX/Dx7nsHStJ382bLzmDbQk2u7IT0IJ6wS5SRxfqEE1Ev9TXontgyAQ==,
      }
    peerDependencies:
      "@lynx-js/react": "*"
      "@prisma/client": ^5.0.0 || ^6.0.0 || ^7.0.0
      "@sveltejs/kit": ^2.0.0
      "@tanstack/react-start": ^1.0.0
      "@tanstack/solid-start": ^1.0.0
      better-sqlite3: ^12.0.0
      drizzle-kit: ">=0.31.4"
      drizzle-orm: ">=0.41.0"
      mongodb: ^6.0.0 || ^7.0.0
      mysql2: ^3.0.0
      next: ^14.0.0 || ^15.0.0 || ^16.0.0
      pg: ^8.0.0
      prisma: ^5.0.0 || ^6.0.0 || ^7.0.0
      react: ^18.0.0 || ^19.0.0
      react-dom: ^18.0.0 || ^19.0.0
      solid-js: ^1.0.0
      svelte: ^4.0.0 || ^5.0.0
      vitest: ^2.0.0 || ^3.0.0 || ^4.0.0
      vue: ^3.0.0
    peerDependenciesMeta:
      "@lynx-js/react":
        optional: true
      "@prisma/client":
        optional: true
      "@sveltejs/kit":
        optional: true
      "@tanstack/react-start":
        optional: true
      "@tanstack/solid-start":
        optional: true
      better-sqlite3:
        optional: true
      drizzle-kit:
        optional: true
      drizzle-orm:
        optional: true
      mongodb:
        optional: true
      mysql2:
        optional: true
      next:
        optional: true
      pg:
        optional: true
      prisma:
        optional: true
      react:
        optional: true
      react-dom:
        optional: true
      solid-js:
        optional: true
      svelte:
        optional: true
      vitest:
        optional: true
      vue:
        optional: true

  better-call@1.3.2:
    resolution:
      {
        integrity: sha512-4cZIfrerDsNTn3cm+MhLbUePN0gdwkhSXEuG7r/zuQ8c/H7iU0/jSK5TD3FW7U0MgKHce/8jGpPYNO4Ve+4NBw==,
      }
    peerDependencies:
      zod: ^4.0.0
    peerDependenciesMeta:
      zod:
        optional: true

  csv-parse@6.2.1:
    resolution:
      {
        integrity: sha512-LRLMV+UCyfMokp8Wb411duBf1gaBKJfOfBWU9eHMJ+b+cJYZsNu3AFmjJf3+yPGd59Exz1TsMjaSFyxnYB9+IQ==,
      }

  defu@6.1.4:
    resolution:
      {
        integrity: sha512-mEQCMmwJu317oSz8CwdIOdwf3xMif1ttiM8LTufzc3g6kR+9Pe236twL8j3IYT1F7GfRgGcW6MWxzZjLIkuHIg==,
      }

  esbuild@0.27.4:
    resolution:
      {
        integrity: sha512-Rq4vbHnYkK5fws5NF7MYTU68FPRE1ajX7heQ/8QXXWqNgqqJ/GkmmyxIzUnf2Sr/bakf8l54716CcMGHYhMrrQ==,
      }
    engines: { node: ">=18" }
    hasBin: true

  fsevents@2.3.3:
    resolution:
      {
        integrity: sha512-5xoDfX+fL7faATnagmWPpbFtwh/R77WmMMqqHGS65C3vvB0YHrgF+B1YmZ3441tMj5n63k0212XNoJwzlhffQw==,
      }
    engines: { node: ^8.16.0 || ^10.6.0 || >=11.0.0 }
    os: [darwin]

  get-tsconfig@4.13.6:
    resolution:
      {
        integrity: sha512-shZT/QMiSHc/YBLxxOkMtgSid5HFoauqCE3/exfsEcwg1WkeqjG+V40yBbBrsD+jW2HDXcs28xOfcbm2jI8Ddw==,
      }

  hono@4.12.8:
    resolution:
      {
        integrity: sha512-VJCEvtrezO1IAR+kqEYnxUOoStaQPGrCmX3j4wDTNOcD1uRPFpGlwQUIW8niPuvHXaTUxeOUl5MMDGrl+tmO9A==,
      }
    engines: { node: ">=16.9.0" }

  jose@6.2.2:
    resolution:
      {
        integrity: sha512-d7kPDd34KO/YnzaDOlikGpOurfF0ByC2sEV4cANCtdqLlTfBlw2p14O/5d/zv40gJPbIQxfES3nSx1/oYNyuZQ==,
      }

  kysely@0.28.12:
    resolution:
      {
        integrity: sha512-kWiueDWXhbCchgiotwXkwdxZE/6h56IHAeFWg4euUfW0YsmO9sxbAxzx1KLLv2lox15EfuuxHQvgJ1qIfZuHGw==,
      }
    engines: { node: ">=20.0.0" }

  nanostores@1.2.0:
    resolution:
      {
        integrity: sha512-F0wCzbsH80G7XXo0Jd9/AVQC7ouWY6idUCTnMwW5t/Rv9W8qmO6endavDwg7TNp5GbugwSukFMVZqzPSrSMndg==,
      }
    engines: { node: ^20.0.0 || >=22.0.0 }

  openai@6.32.0:
    resolution:
      {
        integrity: sha512-j3k+BjydAf8yQlcOI7WUQMQTbbF5GEIMAE2iZYCOzwwB3S2pCheaWYp+XZRNAch4jWVc52PMDGRRjutao3lLCg==,
      }
    hasBin: true
    peerDependencies:
      ws: ^8.18.0
      zod: ^3.25 || ^4.0
    peerDependenciesMeta:
      ws:
        optional: true
      zod:
        optional: true

  partial-json@0.1.7:
    resolution:
      {
        integrity: sha512-Njv/59hHaokb/hRUjce3Hdv12wd60MtM9Z5Olmn+nehe0QDAsRtRbJPvJ0Z91TusF0SuZRIvnM+S4l6EIP8leA==,
      }

  pg-cloudflare@1.3.0:
    resolution:
      {
        integrity: sha512-6lswVVSztmHiRtD6I8hw4qP/nDm1EJbKMRhf3HCYaqud7frGysPv7FYJ5noZQdhQtN2xJnimfMtvQq21pdbzyQ==,
      }

  pg-connection-string@2.12.0:
    resolution:
      {
        integrity: sha512-U7qg+bpswf3Cs5xLzRqbXbQl85ng0mfSV/J0nnA31MCLgvEaAo7CIhmeyrmJpOr7o+zm0rXK+hNnT5l9RHkCkQ==,
      }

  pg-int8@1.0.1:
    resolution:
      {
        integrity: sha512-WCtabS6t3c8SkpDBUlb1kjOs7l66xsGdKpIPZsg4wR+B3+u9UAum2odSsF9tnvxg80h4ZxLWMy4pRjOsFIqQpw==,
      }
    engines: { node: ">=4.0.0" }

  pg-pool@3.13.0:
    resolution:
      {
        integrity: sha512-gB+R+Xud1gLFuRD/QgOIgGOBE2KCQPaPwkzBBGC9oG69pHTkhQeIuejVIk3/cnDyX39av2AxomQiyPT13WKHQA==,
      }
    peerDependencies:
      pg: ">=8.0"

  pg-protocol@1.13.0:
    resolution:
      {
        integrity: sha512-zzdvXfS6v89r6v7OcFCHfHlyG/wvry1ALxZo4LqgUoy7W9xhBDMaqOuMiF3qEV45VqsN6rdlcehHrfDtlCPc8w==,
      }

  pg-types@2.2.0:
    resolution:
      {
        integrity: sha512-qTAAlrEsl8s4OiEQY69wDvcMIdQN6wdz5ojQiOy6YRMuynxenON0O5oCpJI6lshc6scgAY8qvJ2On/p+CXY0GA==,
      }
    engines: { node: ">=4" }

  pg@8.20.0:
    resolution:
      {
        integrity: sha512-ldhMxz2r8fl/6QkXnBD3CR9/xg694oT6DZQ2s6c/RI28OjtSOpxnPrUCGOBJ46RCUxcWdx3p6kw/xnDHjKvaRA==,
      }
    engines: { node: ">= 16.0.0" }
    peerDependencies:
      pg-native: ">=3.0.1"
    peerDependenciesMeta:
      pg-native:
        optional: true

  pgpass@1.0.5:
    resolution:
      {
        integrity: sha512-FdW9r/jQZhSeohs1Z3sI1yxFQNFvMcnmfuj4WBMUTxOrAyLMaTcE1aAMBiTlbMNaXvBCQuVi0R7hd8udDSP7ug==,
      }

  postgres-array@2.0.0:
    resolution:
      {
        integrity: sha512-VpZrUqU5A69eQyW2c5CA1jtLecCsN2U/bD6VilrFDWq5+5UIEVO7nazS3TEcHf1zuPYO/sqGvUvW62g86RXZuA==,
      }
    engines: { node: ">=4" }

  postgres-bytea@1.0.1:
    resolution:
      {
        integrity: sha512-5+5HqXnsZPE65IJZSMkZtURARZelel2oXUEO8rH83VS/hxH5vv1uHquPg5wZs8yMAfdv971IU+kcPUczi7NVBQ==,
      }
    engines: { node: ">=0.10.0" }

  postgres-date@1.0.7:
    resolution:
      {
        integrity: sha512-suDmjLVQg78nMK2UZ454hAG+OAW+HQPZ6n++TNDUX+L0+uUlLywnoxJKDou51Zm+zTCjrCl0Nq6J9C5hP9vK/Q==,
      }
    engines: { node: ">=0.10.0" }

  postgres-interval@1.2.0:
    resolution:
      {
        integrity: sha512-9ZhXKM/rw350N1ovuWHbGxnGh/SNJ4cnxHiM0rxE4VN41wsg8P8zWn9hv/buK00RP4WvlOyr/RBDiptyxVbkZQ==,
      }
    engines: { node: ">=0.10.0" }

  prettier@3.8.1:
    resolution:
      {
        integrity: sha512-UOnG6LftzbdaHZcKoPFtOcCKztrQ57WkHDeRD9t/PTQtmT0NHSeWWepj6pS0z/N7+08BHFDQVUrfmfMRcZwbMg==,
      }
    engines: { node: ">=14" }
    hasBin: true

  resolve-pkg-maps@1.0.0:
    resolution:
      {
        integrity: sha512-seS2Tj26TBVOC2NIc2rOe2y2ZO7efxITtLZcGSOnHHNOQ7CkiUBfw0Iw2ck6xkIhPwLhKNLS8BO+hEpngQlqzw==,
      }

  rou3@0.7.12:
    resolution:
      {
        integrity: sha512-iFE4hLDuloSWcD7mjdCDhx2bKcIsYbtOTpfH5MHHLSKMOUyjqQXTeZVa289uuwEGEKFoE/BAPbhaU4B774nceg==,
      }

  set-cookie-parser@3.1.0:
    resolution:
      {
        integrity: sha512-kjnC1DXBHcxaOaOXBHBeRtltsDG2nUiUni+jP92M9gYdW12rsmx92UsfpH7o5tDRs7I1ZZPSQJQGv3UaRfCiuw==,
      }

  split2@4.2.0:
    resolution:
      {
        integrity: sha512-UcjcJOWknrNkF6PLX83qcHM6KHgVKNkV62Y8a5uYDVv9ydGQVwAHMKqHdJje1VTWpljG0WYpCDhrCdAOYH4TWg==,
      }
    engines: { node: ">= 10.x" }

  tsx@4.21.0:
    resolution:
      {
        integrity: sha512-5C1sg4USs1lfG0GFb2RLXsdpXqBSEhAaA/0kPL01wxzpMqLILNxIxIOKiILz+cdg/pLnOUxFYOR5yhHU666wbw==,
      }
    engines: { node: ">=18.0.0" }
    hasBin: true

  typescript@5.9.3:
    resolution:
      {
        integrity: sha512-jl1vZzPDinLr9eUt3J/t7V6FgNEw9QjvBPdysz9KfQDD41fQrC2Y4vKQdiaUpFT4bXlb1RHhLpp8wtm6M5TgSw==,
      }
    engines: { node: ">=14.17" }
    hasBin: true

  undici-types@6.21.0:
    resolution:
      {
        integrity: sha512-iwDZqg0QAGrg9Rav5H4n0M64c3mkR59cJ6wQp+7C4nI0gsmExaedaYLNO44eT4AtBBwjbTiGPMlt2Md0T9H9JQ==,
      }

  uuidv7@1.2.1:
    resolution:
      {
        integrity: sha512-4kPkK3/XTQW9Hbm4CaqfICn+kY9LJtDVEOfgsRRra/+n2Ofg4NqzRFceAkxvQ/Ud/6BpHOPzj8cirqM7TzTN5Q==,
      }
    hasBin: true

  xtend@4.0.2:
    resolution:
      {
        integrity: sha512-LKYU1iAXJXUgAXn9URjiu+MWhyUXHsvfp7mcuYm9dSUKK0/CjtrUwFAxD82/mCWbtLsGjFIad0wIsod4zrTAEQ==,
      }
    engines: { node: ">=0.4" }

  zod@4.3.6:
    resolution:
      {
        integrity: sha512-rftlrkhHZOcjDwkGlnUtZZkvaPHCsDATp4pGpuOOMDaTdDDXF91wuVDJoWoPsKX/3YPQ5fHuF3STjcYyKr+Qhg==,
      }

snapshots:
  "@better-auth/core@1.5.6(@better-auth/utils@0.3.1)(@better-fetch/fetch@1.1.21)(@opentelemetry/api@1.9.0)(better-call@1.3.2(zod@4.3.6))(jose@6.2.2)(kysely@0.28.12)(nanostores@1.2.0)":
    dependencies:
      "@better-auth/utils": 0.3.1
      "@better-fetch/fetch": 1.1.21
      "@opentelemetry/api": 1.9.0
      "@opentelemetry/semantic-conventions": 1.40.0
      "@standard-schema/spec": 1.1.0
      better-call: 1.3.2(zod@4.3.6)
      jose: 6.2.2
      kysely: 0.28.12
      nanostores: 1.2.0
      zod: 4.3.6

  "@better-auth/drizzle-adapter@1.5.6(@better-auth/core@1.5.6(@better-auth/utils@0.3.1)(@better-fetch/fetch@1.1.21)(@opentelemetry/api@1.9.0)(better-call@1.3.2(zod@4.3.6))(jose@6.2.2)(kysely@0.28.12)(nanostores@1.2.0))(@better-auth/utils@0.3.1)":
    dependencies:
      "@better-auth/core": 1.5.6(@better-auth/utils@0.3.1)(@better-fetch/fetch@1.1.21)(@opentelemetry/api@1.9.0)(better-call@1.3.2(zod@4.3.6))(jose@6.2.2)(kysely@0.28.12)(nanostores@1.2.0)
      "@better-auth/utils": 0.3.1

  "@better-auth/kysely-adapter@1.5.6(@better-auth/core@1.5.6(@better-auth/utils@0.3.1)(@better-fetch/fetch@1.1.21)(@opentelemetry/api@1.9.0)(better-call@1.3.2(zod@4.3.6))(jose@6.2.2)(kysely@0.28.12)(nanostores@1.2.0))(@better-auth/utils@0.3.1)(kysely@0.28.12)":
    dependencies:
      "@better-auth/core": 1.5.6(@better-auth/utils@0.3.1)(@better-fetch/fetch@1.1.21)(@opentelemetry/api@1.9.0)(better-call@1.3.2(zod@4.3.6))(jose@6.2.2)(kysely@0.28.12)(nanostores@1.2.0)
      "@better-auth/utils": 0.3.1
    optionalDependencies:
      kysely: 0.28.12

  "@better-auth/memory-adapter@1.5.6(@better-auth/core@1.5.6(@better-auth/utils@0.3.1)(@better-fetch/fetch@1.1.21)(@opentelemetry/api@1.9.0)(better-call@1.3.2(zod@4.3.6))(jose@6.2.2)(kysely@0.28.12)(nanostores@1.2.0))(@better-auth/utils@0.3.1)":
    dependencies:
      "@better-auth/core": 1.5.6(@better-auth/utils@0.3.1)(@better-fetch/fetch@1.1.21)(@opentelemetry/api@1.9.0)(better-call@1.3.2(zod@4.3.6))(jose@6.2.2)(kysely@0.28.12)(nanostores@1.2.0)
      "@better-auth/utils": 0.3.1

  "@better-auth/mongo-adapter@1.5.6(@better-auth/core@1.5.6(@better-auth/utils@0.3.1)(@better-fetch/fetch@1.1.21)(@opentelemetry/api@1.9.0)(better-call@1.3.2(zod@4.3.6))(jose@6.2.2)(kysely@0.28.12)(nanostores@1.2.0))(@better-auth/utils@0.3.1)":
    dependencies:
      "@better-auth/core": 1.5.6(@better-auth/utils@0.3.1)(@better-fetch/fetch@1.1.21)(@opentelemetry/api@1.9.0)(better-call@1.3.2(zod@4.3.6))(jose@6.2.2)(kysely@0.28.12)(nanostores@1.2.0)
      "@better-auth/utils": 0.3.1

  "@better-auth/prisma-adapter@1.5.6(@better-auth/core@1.5.6(@better-auth/utils@0.3.1)(@better-fetch/fetch@1.1.21)(@opentelemetry/api@1.9.0)(better-call@1.3.2(zod@4.3.6))(jose@6.2.2)(kysely@0.28.12)(nanostores@1.2.0))(@better-auth/utils@0.3.1)":
    dependencies:
      "@better-auth/core": 1.5.6(@better-auth/utils@0.3.1)(@better-fetch/fetch@1.1.21)(@opentelemetry/api@1.9.0)(better-call@1.3.2(zod@4.3.6))(jose@6.2.2)(kysely@0.28.12)(nanostores@1.2.0)
      "@better-auth/utils": 0.3.1

  "@better-auth/telemetry@1.5.6(@better-auth/core@1.5.6(@better-auth/utils@0.3.1)(@better-fetch/fetch@1.1.21)(@opentelemetry/api@1.9.0)(better-call@1.3.2(zod@4.3.6))(jose@6.2.2)(kysely@0.28.12)(nanostores@1.2.0))":
    dependencies:
      "@better-auth/core": 1.5.6(@better-auth/utils@0.3.1)(@better-fetch/fetch@1.1.21)(@opentelemetry/api@1.9.0)(better-call@1.3.2(zod@4.3.6))(jose@6.2.2)(kysely@0.28.12)(nanostores@1.2.0)
      "@better-auth/utils": 0.3.1
      "@better-fetch/fetch": 1.1.21

  "@better-auth/utils@0.3.1": {}

  "@better-fetch/fetch@1.1.21": {}

  "@esbuild/aix-ppc64@0.27.4":
    optional: true

  "@esbuild/android-arm64@0.27.4":
    optional: true

  "@esbuild/android-arm@0.27.4":
    optional: true

  "@esbuild/android-x64@0.27.4":
    optional: true

  "@esbuild/darwin-arm64@0.27.4":
    optional: true

  "@esbuild/darwin-x64@0.27.4":
    optional: true

  "@esbuild/freebsd-arm64@0.27.4":
    optional: true

  "@esbuild/freebsd-x64@0.27.4":
    optional: true

  "@esbuild/linux-arm64@0.27.4":
    optional: true

  "@esbuild/linux-arm@0.27.4":
    optional: true

  "@esbuild/linux-ia32@0.27.4":
    optional: true

  "@esbuild/linux-loong64@0.27.4":
    optional: true

  "@esbuild/linux-mips64el@0.27.4":
    optional: true

  "@esbuild/linux-ppc64@0.27.4":
    optional: true

  "@esbuild/linux-riscv64@0.27.4":
    optional: true

  "@esbuild/linux-s390x@0.27.4":
    optional: true

  "@esbuild/linux-x64@0.27.4":
    optional: true

  "@esbuild/netbsd-arm64@0.27.4":
    optional: true

  "@esbuild/netbsd-x64@0.27.4":
    optional: true

  "@esbuild/openbsd-arm64@0.27.4":
    optional: true

  "@esbuild/openbsd-x64@0.27.4":
    optional: true

  "@esbuild/openharmony-arm64@0.27.4":
    optional: true

  "@esbuild/sunos-x64@0.27.4":
    optional: true

  "@esbuild/win32-arm64@0.27.4":
    optional: true

  "@esbuild/win32-ia32@0.27.4":
    optional: true

  "@esbuild/win32-x64@0.27.4":
    optional: true

  "@hono/node-server@1.19.11(hono@4.12.8)":
    dependencies:
      hono: 4.12.8

  "@hono/zod-validator@0.7.6(hono@4.12.8)(zod@4.3.6)":
    dependencies:
      hono: 4.12.8
      zod: 4.3.6

  "@noble/ciphers@2.1.1": {}

  "@noble/hashes@2.0.1": {}

  "@opentelemetry/api@1.9.0": {}

  "@opentelemetry/semantic-conventions@1.40.0": {}

  "@standard-schema/spec@1.1.0": {}

  "@t3-oss/env-core@0.13.10(typescript@5.9.3)(zod@4.3.6)":
    optionalDependencies:
      typescript: 5.9.3
      zod: 4.3.6

  "@tanstack/ai-client@0.7.2":
    dependencies:
      "@tanstack/ai": 0.8.1
      "@tanstack/ai-event-client": 0.1.1(@tanstack/ai@0.8.1)

  "@tanstack/ai-event-client@0.1.1(@tanstack/ai@0.8.1)":
    dependencies:
      "@tanstack/ai": 0.8.1
      "@tanstack/devtools-event-client": 0.4.3

  "@tanstack/ai-openai@0.7.1(@tanstack/ai-client@0.7.2)(@tanstack/ai@0.8.1)(zod@4.3.6)":
    dependencies:
      "@tanstack/ai": 0.8.1
      "@tanstack/ai-client": 0.7.2
      openai: 6.32.0(zod@4.3.6)
      zod: 4.3.6
    transitivePeerDependencies:
      - ws

  "@tanstack/ai@0.8.1":
    dependencies:
      "@tanstack/ai-event-client": 0.1.1(@tanstack/ai@0.8.1)
      partial-json: 0.1.7

  "@tanstack/devtools-event-client@0.4.3": {}

  "@types/node@20.19.37":
    dependencies:
      undici-types: 6.21.0

  "@types/pg@8.18.0":
    dependencies:
      "@types/node": 20.19.37
      pg-protocol: 1.13.0
      pg-types: 2.2.0

  better-auth@1.5.6(@opentelemetry/api@1.9.0)(pg@8.20.0):
    dependencies:
      "@better-auth/core": 1.5.6(@better-auth/utils@0.3.1)(@better-fetch/fetch@1.1.21)(@opentelemetry/api@1.9.0)(better-call@1.3.2(zod@4.3.6))(jose@6.2.2)(kysely@0.28.12)(nanostores@1.2.0)
      "@better-auth/drizzle-adapter": 1.5.6(@better-auth/core@1.5.6(@better-auth/utils@0.3.1)(@better-fetch/fetch@1.1.21)(@opentelemetry/api@1.9.0)(better-call@1.3.2(zod@4.3.6))(jose@6.2.2)(kysely@0.28.12)(nanostores@1.2.0))(@better-auth/utils@0.3.1)
      "@better-auth/kysely-adapter": 1.5.6(@better-auth/core@1.5.6(@better-auth/utils@0.3.1)(@better-fetch/fetch@1.1.21)(@opentelemetry/api@1.9.0)(better-call@1.3.2(zod@4.3.6))(jose@6.2.2)(kysely@0.28.12)(nanostores@1.2.0))(@better-auth/utils@0.3.1)(kysely@0.28.12)
      "@better-auth/memory-adapter": 1.5.6(@better-auth/core@1.5.6(@better-auth/utils@0.3.1)(@better-fetch/fetch@1.1.21)(@opentelemetry/api@1.9.0)(better-call@1.3.2(zod@4.3.6))(jose@6.2.2)(kysely@0.28.12)(nanostores@1.2.0))(@better-auth/utils@0.3.1)
      "@better-auth/mongo-adapter": 1.5.6(@better-auth/core@1.5.6(@better-auth/utils@0.3.1)(@better-fetch/fetch@1.1.21)(@opentelemetry/api@1.9.0)(better-call@1.3.2(zod@4.3.6))(jose@6.2.2)(kysely@0.28.12)(nanostores@1.2.0))(@better-auth/utils@0.3.1)
      "@better-auth/prisma-adapter": 1.5.6(@better-auth/core@1.5.6(@better-auth/utils@0.3.1)(@better-fetch/fetch@1.1.21)(@opentelemetry/api@1.9.0)(better-call@1.3.2(zod@4.3.6))(jose@6.2.2)(kysely@0.28.12)(nanostores@1.2.0))(@better-auth/utils@0.3.1)
      "@better-auth/telemetry": 1.5.6(@better-auth/core@1.5.6(@better-auth/utils@0.3.1)(@better-fetch/fetch@1.1.21)(@opentelemetry/api@1.9.0)(better-call@1.3.2(zod@4.3.6))(jose@6.2.2)(kysely@0.28.12)(nanostores@1.2.0))
      "@better-auth/utils": 0.3.1
      "@better-fetch/fetch": 1.1.21
      "@noble/ciphers": 2.1.1
      "@noble/hashes": 2.0.1
      better-call: 1.3.2(zod@4.3.6)
      defu: 6.1.4
      jose: 6.2.2
      kysely: 0.28.12
      nanostores: 1.2.0
      zod: 4.3.6
    optionalDependencies:
      pg: 8.20.0
    transitivePeerDependencies:
      - "@cloudflare/workers-types"
      - "@opentelemetry/api"

  better-call@1.3.2(zod@4.3.6):
    dependencies:
      "@better-auth/utils": 0.3.1
      "@better-fetch/fetch": 1.1.21
      rou3: 0.7.12
      set-cookie-parser: 3.1.0
    optionalDependencies:
      zod: 4.3.6

  csv-parse@6.2.1: {}

  defu@6.1.4: {}

  esbuild@0.27.4:
    optionalDependencies:
      "@esbuild/aix-ppc64": 0.27.4
      "@esbuild/android-arm": 0.27.4
      "@esbuild/android-arm64": 0.27.4
      "@esbuild/android-x64": 0.27.4
      "@esbuild/darwin-arm64": 0.27.4
      "@esbuild/darwin-x64": 0.27.4
      "@esbuild/freebsd-arm64": 0.27.4
      "@esbuild/freebsd-x64": 0.27.4
      "@esbuild/linux-arm": 0.27.4
      "@esbuild/linux-arm64": 0.27.4
      "@esbuild/linux-ia32": 0.27.4
      "@esbuild/linux-loong64": 0.27.4
      "@esbuild/linux-mips64el": 0.27.4
      "@esbuild/linux-ppc64": 0.27.4
      "@esbuild/linux-riscv64": 0.27.4
      "@esbuild/linux-s390x": 0.27.4
      "@esbuild/linux-x64": 0.27.4
      "@esbuild/netbsd-arm64": 0.27.4
      "@esbuild/netbsd-x64": 0.27.4
      "@esbuild/openbsd-arm64": 0.27.4
      "@esbuild/openbsd-x64": 0.27.4
      "@esbuild/openharmony-arm64": 0.27.4
      "@esbuild/sunos-x64": 0.27.4
      "@esbuild/win32-arm64": 0.27.4
      "@esbuild/win32-ia32": 0.27.4
      "@esbuild/win32-x64": 0.27.4

  fsevents@2.3.3:
    optional: true

  get-tsconfig@4.13.6:
    dependencies:
      resolve-pkg-maps: 1.0.0

  hono@4.12.8: {}

  jose@6.2.2: {}

  kysely@0.28.12: {}

  nanostores@1.2.0: {}

  openai@6.32.0(zod@4.3.6):
    optionalDependencies:
      zod: 4.3.6

  partial-json@0.1.7: {}

  pg-cloudflare@1.3.0:
    optional: true

  pg-connection-string@2.12.0: {}

  pg-int8@1.0.1: {}

  pg-pool@3.13.0(pg@8.20.0):
    dependencies:
      pg: 8.20.0

  pg-protocol@1.13.0: {}

  pg-types@2.2.0:
    dependencies:
      pg-int8: 1.0.1
      postgres-array: 2.0.0
      postgres-bytea: 1.0.1
      postgres-date: 1.0.7
      postgres-interval: 1.2.0

  pg@8.20.0:
    dependencies:
      pg-connection-string: 2.12.0
      pg-pool: 3.13.0(pg@8.20.0)
      pg-protocol: 1.13.0
      pg-types: 2.2.0
      pgpass: 1.0.5
    optionalDependencies:
      pg-cloudflare: 1.3.0

  pgpass@1.0.5:
    dependencies:
      split2: 4.2.0

  postgres-array@2.0.0: {}

  postgres-bytea@1.0.1: {}

  postgres-date@1.0.7: {}

  postgres-interval@1.2.0:
    dependencies:
      xtend: 4.0.2

  prettier@3.8.1: {}

  resolve-pkg-maps@1.0.0: {}

  rou3@0.7.12: {}

  set-cookie-parser@3.1.0: {}

  split2@4.2.0: {}

  tsx@4.21.0:
    dependencies:
      esbuild: 0.27.4
      get-tsconfig: 4.13.6
    optionalDependencies:
      fsevents: 2.3.3

  typescript@5.9.3: {}

  undici-types@6.21.0: {}

  uuidv7@1.2.1: {}

  xtend@4.0.2: {}

  zod@4.3.6: {}
